{
    "version": 3,
    "terraform_version": "0.11.10",
    "serial": 7,
    "lineage": "1206ed83-edaa-2b4e-2921-df6a73beeac4",
    "modules": [
        {
            "path": [
                "root"
            ],
            "outputs": {},
            "resources": {
                "aws_db_subnet_group.tfdbsubnetgroup": {
                    "type": "aws_db_subnet_group",
                    "depends_on": [
                        "aws_subnet.tfprivatesubnet",
                        "aws_subnet.tfpublicsubnet",
                        "aws_subnet.tfpublicsubnet2"
                    ],
                    "primary": {
                        "id": "rdssg",
                        "attributes": {
                            "arn": "arn:aws:rds:us-east-1:910400380170:subgrp:rdssg",
                            "description": "Managed by Terraform",
                            "id": "rdssg",
                            "name": "rdssg",
                            "subnet_ids.#": "3",
                            "subnet_ids.1827931466": "subnet-0f867751d075ab13c",
                            "subnet_ids.811034301": "subnet-0eb0fc246bc5f56bd",
                            "subnet_ids.987601433": "subnet-0dcf65043495b69b7",
                            "tags.%": "1",
                            "tags.Name": "rdssubnetgrp"
                        },
                        "meta": {},
                        "tainted": false
                    },
                    "deposed": [],
                    "provider": "provider.aws"
                },
                "aws_ebs_volume.tfebs": {
                    "type": "aws_ebs_volume",
                    "depends_on": [],
                    "primary": {
                        "id": "vol-09d6adf6216e25ae8",
                        "attributes": {
                            "arn": "arn:aws:ec2:us-east-1:910400380170:volume/vol-09d6adf6216e25ae8",
                            "availability_zone": "us-east-1d",
                            "encrypted": "true",
                            "id": "vol-09d6adf6216e25ae8",
                            "kms_key_id": "arn:aws:kms:us-east-1:910400380170:key/86e87e3f-0765-414b-a72c-a0d81a4adf18",
                            "size": "40",
                            "snapshot_id": "",
                            "tags.%": "1",
                            "tags.Name": "tfebs",
                            "type": "standard"
                        },
                        "meta": {},
                        "tainted": false
                    },
                    "deposed": [],
                    "provider": "provider.aws"
                },
                "aws_eip.ElasticIp": {
                    "type": "aws_eip",
                    "depends_on": [
                        "aws_instance.FirsttfInstance"
                    ],
                    "primary": {
                        "id": "eipalloc-0ecb047ed6a3bd5e1",
                        "attributes": {
                            "association_id": "eipassoc-00e31c49f7eb5b6b1",
                            "domain": "vpc",
                            "id": "eipalloc-0ecb047ed6a3bd5e1",
                            "instance": "i-079150c793071a572",
                            "network_interface": "eni-0fffa3885b293443c",
                            "private_ip": "192.2.2.55",
                            "public_ip": "52.205.84.32",
                            "tags.%": "0",
                            "vpc": "true"
                        },
                        "meta": {
                            "e2bfb730-ecaa-11e6-8f88-34363bc7c4c0": {
                                "delete": 180000000000,
                                "read": 900000000000,
                                "update": 300000000000
                            }
                        },
                        "tainted": false
                    },
                    "deposed": [],
                    "provider": "provider.aws"
                },
                "aws_eip.nat": {
                    "type": "aws_eip",
                    "depends_on": [],
                    "primary": {
                        "id": "eipalloc-008135d55c2869ea7",
                        "attributes": {
                            "association_id": "eipassoc-9c29cc41",
                            "domain": "vpc",
                            "id": "eipalloc-008135d55c2869ea7",
                            "instance": "",
                            "network_interface": "eni-0549b427835449a77",
                            "private_ip": "192.2.3.239",
                            "public_ip": "34.230.117.115",
                            "tags.%": "0",
                            "vpc": "true"
                        },
                        "meta": {
                            "e2bfb730-ecaa-11e6-8f88-34363bc7c4c0": {
                                "delete": 180000000000,
                                "read": 900000000000,
                                "update": 300000000000
                            }
                        },
                        "tainted": false
                    },
                    "deposed": [],
                    "provider": "provider.aws"
                },
                "aws_instance.FirsttfInstance": {
                    "type": "aws_instance",
                    "depends_on": [
                        "aws_security_group.tfsecuritygroup",
                        "aws_subnet.tfpublicsubnet"
                    ],
                    "primary": {
                        "id": "i-079150c793071a572",
                        "attributes": {
                            "ami": "ami-013be31976ca2c322",
                            "arn": "arn:aws:ec2:us-east-1:910400380170:instance/i-079150c793071a572",
                            "associate_public_ip_address": "false",
                            "availability_zone": "us-east-1a",
                            "cpu_core_count": "1",
                            "cpu_threads_per_core": "1",
                            "credit_specification.#": "1",
                            "credit_specification.0.cpu_credits": "standard",
                            "disable_api_termination": "false",
                            "ebs_block_device.#": "0",
                            "ebs_optimized": "false",
                            "ephemeral_block_device.#": "0",
                            "get_password_data": "false",
                            "iam_instance_profile": "",
                            "id": "i-079150c793071a572",
                            "instance_state": "running",
                            "instance_type": "t2.micro",
                            "ipv6_addresses.#": "0",
                            "key_name": "devops",
                            "monitoring": "false",
                            "network_interface.#": "0",
                            "network_interface_id": "eni-0fffa3885b293443c",
                            "password_data": "",
                            "placement_group": "",
                            "primary_network_interface_id": "eni-0fffa3885b293443c",
                            "private_dns": "ip-192-2-2-55.ec2.internal",
                            "private_ip": "192.2.2.55",
                            "public_dns": "",
                            "public_ip": "",
                            "root_block_device.#": "1",
                            "root_block_device.0.delete_on_termination": "true",
                            "root_block_device.0.iops": "100",
                            "root_block_device.0.volume_id": "vol-0510c7a67b1e6770a",
                            "root_block_device.0.volume_size": "8",
                            "root_block_device.0.volume_type": "gp2",
                            "security_groups.#": "0",
                            "source_dest_check": "true",
                            "subnet_id": "subnet-0dcf65043495b69b7",
                            "tags.%": "1",
                            "tags.Name": "TerraformInstance",
                            "tenancy": "default",
                            "user_data": "0432f7e177a921e6d2e89c4223154dce467c56bf",
                            "volume_tags.%": "0",
                            "vpc_security_group_ids.#": "1",
                            "vpc_security_group_ids.2502645068": "sg-03f8a11bd8b6bfcea"
                        },
                        "meta": {
                            "e2bfb730-ecaa-11e6-8f88-34363bc7c4c0": {
                                "create": 600000000000,
                                "delete": 1200000000000,
                                "update": 600000000000
                            },
                            "schema_version": "1"
                        },
                        "tainted": false
                    },
                    "deposed": [],
                    "provider": "provider.aws"
                },
                "aws_internet_gateway.tfgw": {
                    "type": "aws_internet_gateway",
                    "depends_on": [
                        "aws_vpc.tfvpc"
                    ],
                    "primary": {
                        "id": "igw-082c6ab11a49086a2",
                        "attributes": {
                            "id": "igw-082c6ab11a49086a2",
                            "tags.%": "1",
                            "tags.Name": "tfgateway",
                            "vpc_id": "vpc-0d69f80fbdc435caa"
                        },
                        "meta": {},
                        "tainted": false
                    },
                    "deposed": [],
                    "provider": "provider.aws"
                },
                "aws_nat_gateway.ngw": {
                    "type": "aws_nat_gateway",
                    "depends_on": [
                        "aws_eip.nat",
                        "aws_subnet.tfprivatesubnet"
                    ],
                    "primary": {
                        "id": "nat-0dcf7fca987d7d0ff",
                        "attributes": {
                            "allocation_id": "eipalloc-008135d55c2869ea7",
                            "id": "nat-0dcf7fca987d7d0ff",
                            "network_interface_id": "eni-0549b427835449a77",
                            "private_ip": "192.2.3.239",
                            "public_ip": "34.230.117.115",
                            "subnet_id": "subnet-0f867751d075ab13c",
                            "tags.%": "1",
                            "tags.Name": "NatGatewaytf"
                        },
                        "meta": {},
                        "tainted": false
                    },
                    "deposed": [],
                    "provider": "provider.aws"
                },
                "aws_route_table.tf": {
                    "type": "aws_route_table",
                    "depends_on": [
                        "aws_internet_gateway.tfgw",
                        "aws_vpc.tfvpc"
                    ],
                    "primary": {
                        "id": "rtb-09b166df72ce52345",
                        "attributes": {
                            "id": "rtb-09b166df72ce52345",
                            "propagating_vgws.#": "0",
                            "route.#": "1",
                            "route.3106183795.cidr_block": "0.0.0.0/0",
                            "route.3106183795.egress_only_gateway_id": "",
                            "route.3106183795.gateway_id": "igw-082c6ab11a49086a2",
                            "route.3106183795.instance_id": "",
                            "route.3106183795.ipv6_cidr_block": "",
                            "route.3106183795.nat_gateway_id": "",
                            "route.3106183795.network_interface_id": "",
                            "route.3106183795.vpc_peering_connection_id": "",
                            "tags.%": "1",
                            "tags.Name": "Publicroute",
                            "vpc_id": "vpc-0d69f80fbdc435caa"
                        },
                        "meta": {},
                        "tainted": false
                    },
                    "deposed": [],
                    "provider": "provider.aws"
                },
                "aws_route_table.tfprivate": {
                    "type": "aws_route_table",
                    "depends_on": [
                        "aws_nat_gateway.ngw",
                        "aws_vpc.tfvpc"
                    ],
                    "primary": {
                        "id": "rtb-00e2f44092d385e08",
                        "attributes": {
                            "id": "rtb-00e2f44092d385e08",
                            "propagating_vgws.#": "0",
                            "route.#": "1",
                            "route.4124204966.cidr_block": "0.0.0.0/0",
                            "route.4124204966.egress_only_gateway_id": "",
                            "route.4124204966.gateway_id": "",
                            "route.4124204966.instance_id": "",
                            "route.4124204966.ipv6_cidr_block": "",
                            "route.4124204966.nat_gateway_id": "nat-0dcf7fca987d7d0ff",
                            "route.4124204966.network_interface_id": "",
                            "route.4124204966.vpc_peering_connection_id": "",
                            "tags.%": "1",
                            "tags.Name": "Privateroute",
                            "vpc_id": "vpc-0d69f80fbdc435caa"
                        },
                        "meta": {},
                        "tainted": false
                    },
                    "deposed": [],
                    "provider": "provider.aws"
                },
                "aws_route_table_association.tf": {
                    "type": "aws_route_table_association",
                    "depends_on": [
                        "aws_route_table.tf",
                        "aws_subnet.tfpublicsubnet"
                    ],
                    "primary": {
                        "id": "rtbassoc-0cf89fa10a50ed381",
                        "attributes": {
                            "id": "rtbassoc-0cf89fa10a50ed381",
                            "route_table_id": "rtb-09b166df72ce52345",
                            "subnet_id": "subnet-0dcf65043495b69b7"
                        },
                        "meta": {},
                        "tainted": false
                    },
                    "deposed": [],
                    "provider": "provider.aws"
                },
                "aws_route_table_association.tfprivate": {
                    "type": "aws_route_table_association",
                    "depends_on": [
                        "aws_route_table.tfprivate",
                        "aws_subnet.tfprivatesubnet"
                    ],
                    "primary": {
                        "id": "rtbassoc-0004f88e1b4304bb8",
                        "attributes": {
                            "id": "rtbassoc-0004f88e1b4304bb8",
                            "route_table_id": "rtb-00e2f44092d385e08",
                            "subnet_id": "subnet-0f867751d075ab13c"
                        },
                        "meta": {},
                        "tainted": false
                    },
                    "deposed": [],
                    "provider": "provider.aws"
                },
                "aws_security_group.dbsg": {
                    "type": "aws_security_group",
                    "depends_on": [
                        "aws_security_group.tfsecuritygroup",
                        "aws_vpc.tfvpc"
                    ],
                    "primary": {
                        "id": "sg-003babb1bceecf95d",
                        "attributes": {
                            "arn": "arn:aws:ec2:us-east-1:910400380170:security-group/sg-003babb1bceecf95d",
                            "description": "Managed by Terraform",
                            "egress.#": "1",
                            "egress.1574822185.cidr_blocks.#": "0",
                            "egress.1574822185.description": "",
                            "egress.1574822185.from_port": "3306",
                            "egress.1574822185.ipv6_cidr_blocks.#": "0",
                            "egress.1574822185.prefix_list_ids.#": "0",
                            "egress.1574822185.protocol": "tcp",
                            "egress.1574822185.security_groups.#": "1",
                            "egress.1574822185.security_groups.2502645068": "sg-03f8a11bd8b6bfcea",
                            "egress.1574822185.self": "false",
                            "egress.1574822185.to_port": "3306",
                            "id": "sg-003babb1bceecf95d",
                            "ingress.#": "1",
                            "ingress.1574822185.cidr_blocks.#": "0",
                            "ingress.1574822185.description": "",
                            "ingress.1574822185.from_port": "3306",
                            "ingress.1574822185.ipv6_cidr_blocks.#": "0",
                            "ingress.1574822185.prefix_list_ids.#": "0",
                            "ingress.1574822185.protocol": "tcp",
                            "ingress.1574822185.security_groups.#": "1",
                            "ingress.1574822185.security_groups.2502645068": "sg-03f8a11bd8b6bfcea",
                            "ingress.1574822185.self": "false",
                            "ingress.1574822185.to_port": "3306",
                            "name": "terraform-20181119125118810000000002",
                            "owner_id": "910400380170",
                            "revoke_rules_on_delete": "false",
                            "tags.%": "1",
                            "tags.Name": "dbsecuritygroup",
                            "vpc_id": "vpc-0d69f80fbdc435caa"
                        },
                        "meta": {
                            "e2bfb730-ecaa-11e6-8f88-34363bc7c4c0": {
                                "create": 600000000000,
                                "delete": 600000000000
                            },
                            "schema_version": "1"
                        },
                        "tainted": false
                    },
                    "deposed": [],
                    "provider": "provider.aws"
                },
                "aws_security_group.tfsecuritygroup": {
                    "type": "aws_security_group",
                    "depends_on": [
                        "aws_vpc.tfvpc"
                    ],
                    "primary": {
                        "id": "sg-03f8a11bd8b6bfcea",
                        "attributes": {
                            "arn": "arn:aws:ec2:us-east-1:910400380170:security-group/sg-03f8a11bd8b6bfcea",
                            "description": "Managed by Terraform",
                            "egress.#": "1",
                            "egress.482069346.cidr_blocks.#": "1",
                            "egress.482069346.cidr_blocks.0": "0.0.0.0/0",
                            "egress.482069346.description": "",
                            "egress.482069346.from_port": "0",
                            "egress.482069346.ipv6_cidr_blocks.#": "0",
                            "egress.482069346.prefix_list_ids.#": "0",
                            "egress.482069346.protocol": "-1",
                            "egress.482069346.security_groups.#": "0",
                            "egress.482069346.self": "false",
                            "egress.482069346.to_port": "0",
                            "id": "sg-03f8a11bd8b6bfcea",
                            "ingress.#": "2",
                            "ingress.3952486002.cidr_blocks.#": "1",
                            "ingress.3952486002.cidr_blocks.0": "0.0.0.0/0",
                            "ingress.3952486002.description": "",
                            "ingress.3952486002.from_port": "22",
                            "ingress.3952486002.ipv6_cidr_blocks.#": "0",
                            "ingress.3952486002.prefix_list_ids.#": "0",
                            "ingress.3952486002.protocol": "tcp",
                            "ingress.3952486002.security_groups.#": "0",
                            "ingress.3952486002.self": "true",
                            "ingress.3952486002.to_port": "22",
                            "ingress.4246188394.cidr_blocks.#": "1",
                            "ingress.4246188394.cidr_blocks.0": "0.0.0.0/0",
                            "ingress.4246188394.description": "",
                            "ingress.4246188394.from_port": "80",
                            "ingress.4246188394.ipv6_cidr_blocks.#": "0",
                            "ingress.4246188394.prefix_list_ids.#": "0",
                            "ingress.4246188394.protocol": "tcp",
                            "ingress.4246188394.security_groups.#": "0",
                            "ingress.4246188394.self": "true",
                            "ingress.4246188394.to_port": "80",
                            "name": "terraform-20181119125109456200000001",
                            "owner_id": "910400380170",
                            "revoke_rules_on_delete": "false",
                            "tags.%": "1",
                            "tags.Name": "tfsecuritygroup",
                            "vpc_id": "vpc-0d69f80fbdc435caa"
                        },
                        "meta": {
                            "e2bfb730-ecaa-11e6-8f88-34363bc7c4c0": {
                                "create": 600000000000,
                                "delete": 600000000000
                            },
                            "schema_version": "1"
                        },
                        "tainted": false
                    },
                    "deposed": [],
                    "provider": "provider.aws"
                },
                "aws_subnet.tfprivatesubnet": {
                    "type": "aws_subnet",
                    "depends_on": [
                        "aws_vpc.tfvpc"
                    ],
                    "primary": {
                        "id": "subnet-0f867751d075ab13c",
                        "attributes": {
                            "arn": "arn:aws:ec2:us-east-1:910400380170:subnet/subnet-0f867751d075ab13c",
                            "assign_ipv6_address_on_creation": "false",
                            "availability_zone": "us-east-1b",
                            "cidr_block": "192.2.3.0/24",
                            "id": "subnet-0f867751d075ab13c",
                            "map_public_ip_on_launch": "false",
                            "tags.%": "1",
                            "tags.Name": "TerraformSubnets",
                            "vpc_id": "vpc-0d69f80fbdc435caa"
                        },
                        "meta": {
                            "e2bfb730-ecaa-11e6-8f88-34363bc7c4c0": {
                                "create": 600000000000,
                                "delete": 600000000000
                            },
                            "schema_version": "1"
                        },
                        "tainted": false
                    },
                    "deposed": [],
                    "provider": "provider.aws"
                },
                "aws_subnet.tfpublicsubnet": {
                    "type": "aws_subnet",
                    "depends_on": [
                        "aws_vpc.tfvpc"
                    ],
                    "primary": {
                        "id": "subnet-0dcf65043495b69b7",
                        "attributes": {
                            "arn": "arn:aws:ec2:us-east-1:910400380170:subnet/subnet-0dcf65043495b69b7",
                            "assign_ipv6_address_on_creation": "false",
                            "availability_zone": "us-east-1a",
                            "cidr_block": "192.2.2.0/24",
                            "id": "subnet-0dcf65043495b69b7",
                            "map_public_ip_on_launch": "false",
                            "tags.%": "1",
                            "tags.Name": "TerraformSubnets",
                            "vpc_id": "vpc-0d69f80fbdc435caa"
                        },
                        "meta": {
                            "e2bfb730-ecaa-11e6-8f88-34363bc7c4c0": {
                                "create": 600000000000,
                                "delete": 600000000000
                            },
                            "schema_version": "1"
                        },
                        "tainted": false
                    },
                    "deposed": [],
                    "provider": "provider.aws"
                },
                "aws_subnet.tfpublicsubnet2": {
                    "type": "aws_subnet",
                    "depends_on": [
                        "aws_vpc.tfvpc"
                    ],
                    "primary": {
                        "id": "subnet-0eb0fc246bc5f56bd",
                        "attributes": {
                            "arn": "arn:aws:ec2:us-east-1:910400380170:subnet/subnet-0eb0fc246bc5f56bd",
                            "assign_ipv6_address_on_creation": "false",
                            "availability_zone": "us-east-1c",
                            "cidr_block": "192.2.4.0/24",
                            "id": "subnet-0eb0fc246bc5f56bd",
                            "map_public_ip_on_launch": "false",
                            "tags.%": "1",
                            "tags.Name": "TerraformSubnets",
                            "vpc_id": "vpc-0d69f80fbdc435caa"
                        },
                        "meta": {
                            "e2bfb730-ecaa-11e6-8f88-34363bc7c4c0": {
                                "create": 600000000000,
                                "delete": 600000000000
                            },
                            "schema_version": "1"
                        },
                        "tainted": false
                    },
                    "deposed": [],
                    "provider": "provider.aws"
                },
                "aws_vpc.tfvpc": {
                    "type": "aws_vpc",
                    "depends_on": [],
                    "primary": {
                        "id": "vpc-0d69f80fbdc435caa",
                        "attributes": {
                            "arn": "arn:aws:ec2:us-east-1:910400380170:vpc/vpc-0d69f80fbdc435caa",
                            "assign_generated_ipv6_cidr_block": "false",
                            "cidr_block": "192.2.0.0/16",
                            "default_network_acl_id": "acl-0c1bb235588e3991f",
                            "default_route_table_id": "rtb-067c737154f9735e7",
                            "default_security_group_id": "sg-0c6342f4ac687d15b",
                            "dhcp_options_id": "dopt-951d62ee",
                            "enable_classiclink": "false",
                            "enable_classiclink_dns_support": "false",
                            "enable_dns_hostnames": "true",
                            "enable_dns_support": "true",
                            "id": "vpc-0d69f80fbdc435caa",
                            "instance_tenancy": "default",
                            "main_route_table_id": "rtb-067c737154f9735e7",
                            "tags.%": "1",
                            "tags.Name": "Terraform"
                        },
                        "meta": {
                            "schema_version": "1"
                        },
                        "tainted": false
                    },
                    "deposed": [],
                    "provider": "provider.aws"
                }
            },
            "depends_on": []
        }
    ]
}
